// !$*UTF8*$!
{
	archiveVersion = 1;
	classes = {
	};
	objectVersion = 55;
	objects = {

/* Begin PBXBuildFile section */
		32315DD627E5256200FD5DC1 /* CourseDetailsViewController.swift in Sources */ = {isa = PBXBuildFile; fileRef = 32315DD527E5256200FD5DC1 /* CourseDetailsViewController.swift */; };
		32315DD827E525BA00FD5DC1 /* CourseDetailsViewModel.swift in Sources */ = {isa = PBXBuildFile; fileRef = 32315DD727E525BA00FD5DC1 /* CourseDetailsViewModel.swift */; };
		32315DDA27E8AD4A00FD5DC1 /* CourseListViewController.swift in Sources */ = {isa = PBXBuildFile; fileRef = 32315DD927E8AD4A00FD5DC1 /* CourseListViewController.swift */; };
		32315DDC27E8B0E900FD5DC1 /* Storyboard.storyboard in Resources */ = {isa = PBXBuildFile; fileRef = 32315DDB27E8B0E800FD5DC1 /* Storyboard.storyboard */; };
		32315DDE27E8B64500FD5DC1 /* CourseTableViewCell.swift in Sources */ = {isa = PBXBuildFile; fileRef = 32315DDD27E8B64500FD5DC1 /* CourseTableViewCell.swift */; };
		32315DE027E8B6F800FD5DC1 /* NetworkManager.swift in Sources */ = {isa = PBXBuildFile; fileRef = 32315DDF27E8B6F800FD5DC1 /* NetworkManager.swift */; };
		32315DE227E8B8A200FD5DC1 /* Course.swift in Sources */ = {isa = PBXBuildFile; fileRef = 32315DE127E8B8A200FD5DC1 /* Course.swift */; };
		32315DE427E8B92C00FD5DC1 /* DataManager.swift in Sources */ = {isa = PBXBuildFile; fileRef = 32315DE327E8B92C00FD5DC1 /* DataManager.swift */; };
		32943B8C27DB68FD007F22FC /* AppDelegate.swift in Sources */ = {isa = PBXBuildFile; fileRef = 32943B8B27DB68FD007F22FC /* AppDelegate.swift */; };
		32943B8E27DB68FD007F22FC /* SceneDelegate.swift in Sources */ = {isa = PBXBuildFile; fileRef = 32943B8D27DB68FD007F22FC /* SceneDelegate.swift */; };
		32943B9527DB68FF007F22FC /* Assets.xcassets in Resources */ = {isa = PBXBuildFile; fileRef = 32943B9427DB68FF007F22FC /* Assets.xcassets */; };
		32943B9827DB68FF007F22FC /* LaunchScreen.storyboard in Resources */ = {isa = PBXBuildFile; fileRef = 32943B9627DB68FF007F22FC /* LaunchScreen.storyboard */; };
/* End PBXBuildFile section */

/* Begin PBXFileReference section */
		32315DD527E5256200FD5DC1 /* CourseDetailsViewController.swift */ = {isa = PBXFileReference; lastKnownFileType = sourcecode.swift; path = CourseDetailsViewController.swift; sourceTree = "<group>"; };
		32315DD727E525BA00FD5DC1 /* CourseDetailsViewModel.swift */ = {isa = PBXFileReference; lastKnownFileType = sourcecode.swift; path = CourseDetailsViewModel.swift; sourceTree = "<group>"; };
		32315DD927E8AD4A00FD5DC1 /* CourseListViewController.swift */ = {isa = PBXFileReference; lastKnownFileType = sourcecode.swift; path = CourseListViewController.swift; sourceTree = "<group>"; };
		32315DDB27E8B0E800FD5DC1 /* Storyboard.storyboard */ = {isa = PBXFileReference; lastKnownFileType = file.storyboard; path = Storyboard.storyboard; sourceTree = "<group>"; };
		32315DDD27E8B64500FD5DC1 /* CourseTableViewCell.swift */ = {isa = PBXFileReference; lastKnownFileType = sourcecode.swift; path = CourseTableViewCell.swift; sourceTree = "<group>"; };
		32315DDF27E8B6F800FD5DC1 /* NetworkManager.swift */ = {isa = PBXFileReference; lastKnownFileType = sourcecode.swift; path = NetworkManager.swift; sourceTree = "<group>"; };
		32315DE127E8B8A200FD5DC1 /* Course.swift */ = {isa = PBXFileReference; lastKnownFileType = sourcecode.swift; path = Course.swift; sourceTree = "<group>"; };
		32315DE327E8B92C00FD5DC1 /* DataManager.swift */ = {isa = PBXFileReference; lastKnownFileType = sourcecode.swift; path = DataManager.swift; sourceTree = "<group>"; };
		32943B8827DB68FD007F22FC /* MVVM.app */ = {isa = PBXFileReference; explicitFileType = wrapper.application; includeInIndex = 0; path = MVVM.app; sourceTree = BUILT_PRODUCTS_DIR; };
		32943B8B27DB68FD007F22FC /* AppDelegate.swift */ = {isa = PBXFileReference; lastKnownFileType = sourcecode.swift; path = AppDelegate.swift; sourceTree = "<group>"; };
		32943B8D27DB68FD007F22FC /* SceneDelegate.swift */ = {isa = PBXFileReference; lastKnownFileType = sourcecode.swift; path = SceneDelegate.swift; sourceTree = "<group>"; };
		32943B9427DB68FF007F22FC /* Assets.xcassets */ = {isa = PBXFileReference; lastKnownFileType = folder.assetcatalog; path = Assets.xcassets; sourceTree = "<group>"; };
		32943B9727DB68FF007F22FC /* Base */ = {isa = PBXFileReference; lastKnownFileType = file.storyboard; name = Base; path = Base.lproj/LaunchScreen.storyboard; sourceTree = "<group>"; };
		32943B9927DB68FF007F22FC /* Info.plist */ = {isa = PBXFileReference; lastKnownFileType = text.plist.xml; path = Info.plist; sourceTree = "<group>"; };
/* End PBXFileReference section */

/* Begin PBXFrameworksBuildPhase section */
		32943B8527DB68FD007F22FC /* Frameworks */ = {
			isa = PBXFrameworksBuildPhase;
			buildActionMask = 2147483647;
			files = (
			);
			runOnlyForDeploymentPostprocessing = 0;
		};
/* End PBXFrameworksBuildPhase section */

/* Begin PBXGroup section */
		32315DD427E524FD00FD5DC1 /* CourseDetails */ = {
			isa = PBXGroup;
			children = (
				32315DD527E5256200FD5DC1 /* CourseDetailsViewController.swift */,
				32315DD727E525BA00FD5DC1 /* CourseDetailsViewModel.swift */,
			);
			path = CourseDetails;
			sourceTree = "<group>";
		};
		32943B7F27DB68FD007F22FC = {
			isa = PBXGroup;
			children = (
				32943B8A27DB68FD007F22FC /* MVVM */,
				32943B8927DB68FD007F22FC /* Products */,
			);
			sourceTree = "<group>";
		};
		32943B8927DB68FD007F22FC /* Products */ = {
			isa = PBXGroup;
			children = (
				32943B8827DB68FD007F22FC /* MVVM.app */,
			);
			name = Products;
			sourceTree = "<group>";
		};
		32943B8A27DB68FD007F22FC /* MVVM */ = {
			isa = PBXGroup;
			children = (
				32315DD427E524FD00FD5DC1 /* CourseDetails */,
				32943B8B27DB68FD007F22FC /* AppDelegate.swift */,
				32315DD927E8AD4A00FD5DC1 /* CourseListViewController.swift */,
				32315DE327E8B92C00FD5DC1 /* DataManager.swift */,
				32315DDD27E8B64500FD5DC1 /* CourseTableViewCell.swift */,
				32315DDF27E8B6F800FD5DC1 /* NetworkManager.swift */,
				32315DE127E8B8A200FD5DC1 /* Course.swift */,
				32943B8D27DB68FD007F22FC /* SceneDelegate.swift */,
				32943B9427DB68FF007F22FC /* Assets.xcassets */,
				32315DDB27E8B0E800FD5DC1 /* Storyboard.storyboard */,
				32943B9627DB68FF007F22FC /* LaunchScreen.storyboard */,
				32943B9927DB68FF007F22FC /* Info.plist */,
			);
			path = MVVM;
			sourceTree = "<group>";
		};
/* End PBXGroup section */

/* Begin PBXNativeTarget section */
		32943B8727DB68FD007F22FC /* MVVM */ = {
			isa = PBXNativeTarget;
			buildConfigurationList = 32943B9C27DB68FF007F22FC /* Build configuration list for PBXNativeTarget "MVVM" */;
			buildPhases = (
				32943B8427DB68FD007F22FC /* Sources */,
				32943B8527DB68FD007F22FC /* Frameworks */,
				32943B8627DB68FD007F22FC /* Resources */,
			);
			buildRules = (
			);
			dependencies = (
			);
			name = MVVM;
			productName = MVVM;
			productReference = 32943B8827DB68FD007F22FC /* MVVM.app */;
			productType = "com.apple.product-type.application";
		};
/* End PBXNativeTarget section */

/* Begin PBXProject section */
		32943B8027DB68FD007F22FC /* Project object */ = {
			isa = PBXProject;
			attributes = {
				BuildIndependentTargetsInParallel = 1;
				LastSwiftUpdateCheck = 1320;
				LastUpgradeCheck = 1320;
				TargetAttributes = {
					32943B8727DB68FD007F22FC = {
						CreatedOnToolsVersion = 13.2.1;
					};
				};
			};
			buildConfigurationList = 32943B8327DB68FD007F22FC /* Build configuration list for PBXProject "MVVM" */;
			compatibilityVersion = "Xcode 13.0";
			developmentRegion = en;
			hasScannedForEncodings = 0;
			knownRegions = (
				en,
				Base,
			);
			mainGroup = 32943B7F27DB68FD007F22FC;
			productRefGroup = 32943B8927DB68FD007F22FC /* Products */;
			projectDirPath = "";
			projectRoot = "";
			targets = (
				32943B8727DB68FD007F22FC /* MVVM */,
			);
		};
/* End PBXProject section */

/* Begin PBXResourcesBuildPhase section */
		32943B8627DB68FD007F22FC /* Resources */ = {
			isa = PBXResourcesBuildPhase;
			buildActionMask = 2147483647;
			files = (
				32943B9827DB68FF007F22FC /* LaunchScreen.storyboard in Resources */,
				32943B9527DB68FF007F22FC /* Assets.xcassets in Resources */,
				32315DDC27E8B0E900FD5DC1 /* Storyboard.storyboard in Resources */,
			);
			runOnlyForDeploymentPostprocessing = 0;
		};
/* End PBXResourcesBuildPhase section */

/* Begin PBXSourcesBuildPhase section */
		32943B8427DB68FD007F22FC /* Sources */ = {
			isa = PBXSourcesBuildPhase;
			buildActionMask = 2147483647;
			files = (
				32315DE227E8B8A200FD5DC1 /* Course.swift in Sources */,
				32315DD827E525BA00FD5DC1 /* CourseDetailsViewModel.swift in Sources */,
				32315DDA27E8AD4A00FD5DC1 /* CourseListViewController.swift in Sources */,
				32315DDE27E8B64500FD5DC1 /* CourseTableViewCell.swift in Sources */,
				32315DE027E8B6F800FD5DC1 /* NetworkManager.swift in Sources */,
				32943B8C27DB68FD007F22FC /* AppDelegate.swift in Sources */,
				32315DD627E5256200FD5DC1 /* CourseDetailsViewController.swift in Sources */,
				32315DE427E8B92C00FD5DC1 /* DataManager.swift in Sources */,
				32943B8E27DB68FD007F22FC /* SceneDelegate.swift in Sources */,
			);
			runOnlyForDeploymentPostprocessing = 0;
		};
/* End PBXSourcesBuildPhase section */

/* Begin PBXVariantGroup section */
		32943B9627DB68FF007F22FC /* LaunchScreen.storyboard */ = {
			isa = PBXVariantGroup;
			children = (
				32943B9727DB68FF007F22FC /* Base */,
			);
			name = LaunchScreen.storyboard;
			sourceTree = "<group>";
		};
/* End PBXVariantGroup section */

/* Begin XCBuildConfiguration section */
		32943B9A27DB68FF007F22FC /* Debug */ = {
			isa = XCBuildConfiguration;
			buildSettings = {
				ALWAYS_SEARCH_USER_PATHS = NO;
				CLANG_ANALYZER_NONNULL = YES;
				CLANG_ANALYZER_NUMBER_OBJECT_CONVERSION = YES_AGGRESSIVE;
				CLANG_CXX_LANGUAGE_STANDARD = "gnu++17";
				CLANG_CXX_LIBRARY = "libc++";
				CLANG_ENABLE_MODULES = YES;
				CLANG_ENABLE_OBJC_ARC = YES;
				CLANG_ENABLE_OBJC_WEAK = YES;
				CLANG_WARN_BLOCK_CAPTURE_AUTORELEASING = YES;
				CLANG_WARN_BOOL_CONVERSION = YES;
				CLANG_WARN_COMMA = YES;
				CLANG_WARN_CONSTANT_CONVERSION = YES;
				CLANG_WARN_DEPRECATED_OBJC_IMPLEMENTATIONS = YES;
				CLANG_WARN_DIRECT_OBJC_ISA_USAGE = YES_ERROR;
				CLANG_WARN_DOCUMENTATION_COMMENTS = YES;
				CLANG_WARN_EMPTY_BODY = YES;
				CLANG_WARN_ENUM_CONVERSION = YES;
				CLANG_WARN_INFINITE_RECURSION = YES;
				CLANG_WARN_INT_CONVERSION = YES;
				CLANG_WARN_NON_LITERAL_NULL_CONVERSION = YES;
				CLANG_WARN_OBJC_IMPLICIT_RETAIN_SELF = YES;
				CLANG_WARN_OBJC_LITERAL_CONVERSION = YES;
				CLANG_WARN_OBJC_ROOT_CLASS = YES_ERROR;
				CLANG_WARN_QUOTED_INCLUDE_IN_FRAMEWORK_HEADER = YES;
				CLANG_WARN_RANGE_LOOP_ANALYSIS = YES;
				CLANG_WARN_STRICT_PROTOTYPES = YES;
				CLANG_WARN_SUSPICIOUS_MOVE = YES;
				CLANG_WARN_UNGUARDED_AVAILABILITY = YES_AGGRESSIVE;
				CLANG_WARN_UNREACHABLE_CODE = YES;
				CLANG_WARN__DUPLICATE_METHOD_MATCH = YES;
				COPY_PHASE_STRIP = NO;
				DEBUG_INFORMATION_FORMAT = dwarf;
				ENABLE_STRICT_OBJC_MSGSEND = YES;
				ENABLE_TESTABILITY = YES;
				GCC_C_LANGUAGE_STANDARD = gnu11;
				GCC_DYNAMIC_NO_PIC = NO;
				GCC_NO_COMMON_BLOCKS = YES;
				GCC_OPTIMIZATION_LEVEL = 0;
				GCC_PREPROCESSOR_DEFINITIONS = (
					"DEBUG=1",
					"$(inherited)",
				);
				GCC_WARN_64_TO_32_BIT_CONVERSION = YES;
				GCC_WARN_ABOUT_RETURN_TYPE = YES_ERROR;
				GCC_WARN_UNDECLARED_SELECTOR = YES;
				GCC_WARN_UNINITIALIZED_AUTOS = YES_AGGRESSIVE;
				GCC_WARN_UNUSED_FUNCTION = YES;
				GCC_WARN_UNUSED_VARIABLE = YES;
				IPHONEOS_DEPLOYMENT_TARGET = 15.2;
				MTL_ENABLE_DEBUG_INFO = INCLUDE_SOURCE;
				MTL_FAST_MATH = YES;
				ONLY_ACTIVE_ARCH = YES;
				SDKROOT = iphoneos;
				SWIFT_ACTIVE_COMPILATION_CONDITIONS = DEBUG;
				SWIFT_OPTIMIZATION_LEVEL = "-Onone";
			};
			name = Debug;
		};
		32943B9B27DB68FF007F22FC /* Release */ = {
			isa = XCBuildConfiguration;
			buildSettings = {
				ALWAYS_SEARCH_USER_PATHS = NO;
				CLANG_ANALYZER_NONNULL = YES;
				CLANG_ANALYZER_NUMBER_OBJECT_CONVERSION = YES_AGGRESSIVE;
				CLANG_CXX_LANGUAGE_STANDARD = "gnu++17";
				CLANG_CXX_LIBRARY = "libc++";
				CLANG_ENABLE_MODULES = YES;
				CLANG_ENABLE_OBJC_ARC = YES;
				CLANG_ENABLE_OBJC_WEAK = YES;
				CLANG_WARN_BLOCK_CAPTURE_AUTORELEASING = YES;
				CLANG_WARN_BOOL_CONVERSION = YES;
				CLANG_WARN_COMMA = YES;
				CLANG_WARN_CONSTANT_CONVERSION = YES;
				CLANG_WARN_DEPRECATED_OBJC_IMPLEMENTATIONS = YES;
				CLANG_WARN_DIRECT_OBJC_ISA_USAGE = YES_ERROR;
				CLANG_WARN_DOCUMENTATION_COMMENTS = YES;
				CLANG_WARN_EMPTY_BODY = YES;
				CLANG_WARN_ENUM_CONVERSION = YES;
				CLANG_WARN_INFINITE_RECURSION = YES;
				CLANG_WARN_INT_CONVERSION = YES;
				CLANG_WARN_NON_LITERAL_NULL_CONVERSION = YES;
				CLANG_WARN_OBJC_IMPLICIT_RETAIN_SELF = YES;
				CLANG_WARN_OBJC_LITERAL_CONVERSION = YES;
				CLANG_WARN_OBJC_ROOT_CLASS = YES_ERROR;
				CLANG_WARN_QUOTED_INCLUDE_IN_FRAMEWORK_HEADER = YES;
				CLANG_WARN_RANGE_LOOP_ANALYSIS = YES;
				CLANG_WARN_STRICT_PROTOTYPES = YES;
				CLANG_WARN_SUSPICIOUS_MOVE = YES;
				CLANG_WARN_UNGUARDED_AVAILABILITY = YES_AGGRESSIVE;
				CLANG_WARN_UNREACHABLE_CODE = YES;
				CLANG_WARN__DUPLICATE_METHOD_MATCH = YES;
				COPY_PHASE_STRIP = NO;
				DEBUG_INFORMATION_FORMAT = "dwarf-with-dsym";
				ENABLE_NS_ASSERTIONS = NO;
				ENABLE_STRICT_OBJC_MSGSEND = YES;
				GCC_C_LANGUAGE_STANDARD = gnu11;
				GCC_NO_COMMON_BLOCKS = YES;
				GCC_WARN_64_TO_32_BIT_CONVERSION = YES;
				GCC_WARN_ABOUT_RETURN_TYPE = YES_ERROR;
				GCC_WARN_UNDECLARED_SELECTOR = YES;
				GCC_WARN_UNINITIALIZED_AUTOS = YES_AGGRESSIVE;
				GCC_WARN_UNUSED_FUNCTION = YES;
				GCC_WARN_UNUSED_VARIABLE = YES;
				IPHONEOS_DEPLOYMENT_TARGET = 15.2;
				MTL_ENABLE_DEBUG_INFO = NO;
				MTL_FAST_MATH = YES;
				SDKROOT = iphoneos;
				SWIFT_COMPILATION_MODE = wholemodule;
				SWIFT_OPTIMIZATION_LEVEL = "-O";
				VALIDATE_PRODUCT = YES;
			};
			name = Release;
		};
		32943B9D27DB68FF007F22FC /* Debug */ = {
			isa = XCBuildConfiguration;
			buildSettings = {
				ASSETCATALOG_COMPILER_APPICON_NAME = AppIcon;
				ASSETCATALOG_COMPILER_GLOBAL_ACCENT_COLOR_NAME = AccentColor;
				CODE_SIGN_STYLE = Automatic;
				CURRENT_PROJECT_VERSION = 1;
				DEVELOPMENT_TEAM = Q56H3JNA98;
				GENERATE_INFOPLIST_FILE = YES;
				INFOPLIST_FILE = MVVM/Info.plist;
				INFOPLIST_KEY_UIApplicationSupportsIndirectInputEvents = YES;
				INFOPLIST_KEY_UILaunchStoryboardName = LaunchScreen;
				INFOPLIST_KEY_UIMainStoryboardFile = Storyboard;
				INFOPLIST_KEY_UISupportedInterfaceOrientations_iPad = "UIInterfaceOrientationPortrait UIInterfaceOrientationPortraitUpsideDown UIInterfaceOrientationLandscapeLeft UIInterfaceOrientationLandscapeRight";
				INFOPLIST_KEY_UISupportedInterfaceOrientations_iPhone = "UIInterfaceOrientationPortrait UIInterfaceOrientationLandscapeLeft UIInterfaceOrientationLandscapeRight";
				IPHONEOS_DEPLOYMENT_TARGET = 15.4;
				LD_RUNPATH_SEARCH_PATHS = (
					"$(inherited)",
					"@executable_path/Frameworks",
				);
				MARKETING_VERSION = 1.0;
				PRODUCT_BUNDLE_IDENTIFIER = ru.hhr.MVVM;
				PRODUCT_NAME = "$(TARGET_NAME)";
				SWIFT_EMIT_LOC_STRINGS = YES;
				SWIFT_VERSION = 5.0;
				TARGETED_DEVICE_FAMILY = "1,2";
			};
			name = Debug;
		};
		32943B9E27DB68FF007F22FC /* Release */ = {
			isa = XCBuildConfiguration;
			buildSettings = {
				ASSETCATALOG_COMPILER_APPICON_NAME = AppIcon;
				ASSETCATALOG_COMPILER_GLOBAL_ACCENT_COLOR_NAME = AccentColor;
				CODE_SIGN_STYLE = Automatic;
				CURRENT_PROJECT_VERSION = 1;
				DEVELOPMENT_TEAM = Q56H3JNA98;
				GENERATE_INFOPLIST_FILE = YES;
				INFOPLIST_FILE = MVVM/Info.plist;
				INFOPLIST_KEY_UIApplicationSupportsIndirectInputEvents = YES;
				INFOPLIST_KEY_UILaunchStoryboardName = LaunchScreen;
				INFOPLIST_KEY_UIMainStoryboardFile = Storyboard;
				INFOPLIST_KEY_UISupportedInterfaceOrientations_iPad = "UIInterfaceOrientationPortrait UIInterfaceOrientationPortraitUpsideDown UIInterfaceOrientationLandscapeLeft UIInterfaceOrientationLandscapeRight";
				INFOPLIST_KEY_UISupportedInterfaceOrientations_iPhone = "UIInterfaceOrientationPortrait UIInterfaceOrientationLandscapeLeft UIInterfaceOrientationLandscapeRight";
				IPHONEOS_DEPLOYMENT_TARGET = 15.4;
				LD_RUNPATH_SEARCH_PATHS = (
					"$(inherited)",
					"@executable_path/Frameworks",
				);
				MARKETING_VERSION = 1.0;
				PRODUCT_BUNDLE_IDENTIFIER = ru.hhr.MVVM;
				PRODUCT_NAME = "$(TARGET_NAME)";
				SWIFT_EMIT_LOC_STRINGS = YES;
				SWIFT_VERSION = 5.0;
				TARGETED_DEVICE_FAMILY = "1,2";
			};
			name = Release;
		};
/* End XCBuildConfiguration section */

/* Begin XCConfigurationList section */
		32943B8327DB68FD007F22FC /* Build configuration list for PBXProject "MVVM" */ = {
			isa = XCConfigurationList;
			buildConfigurations = (
				32943B9A27DB68FF007F22FC /* Debug */,
				32943B9B27DB68FF007F22FC /* Release */,
			);
			defaultConfigurationIsVisible = 0;
			defaultConfigurationName = Release;
		};
		32943B9C27DB68FF007F22FC /* Build configuration list for PBXNativeTarget "MVVM" */ = {
			isa = XCConfigurationList;
			buildConfigurations = (
				32943B9D27DB68FF007F22FC /* Debug */,
				32943B9E27DB68FF007F22FC /* Release */,
			);
			defaultConfigurationIsVisible = 0;
			defaultConfigurationName = Release;
		};
/* End XCConfigurationList section */
	};
	rootObject = 32943B8027DB68FD007F22FC /* Project object */;
}
